packages:
  - name: dbt_utils
    package: dbt-labs/dbt_utils
    version: 1.4.1
  - name: codegen
    package: dbt-labs/codegen
    version: 0.14.1
  - name: dbt_meta_testing
    package: tnightengale/dbt_meta_testing
    version: 0.4.0
sha1_hash: 739225360914a5e3836e7c42e79074063ec1421f
